
Microsoft Visual Studio Solution File, Format Version 12.00
# Visual Studio Version 16
VisualStudioVersion = 16.0.29411.108
MinimumVisualStudioVersion = 10.0.40219.1
Project("{9A19103F-16F7-4668-BE54-9A1E7A4F7556}") = "TheRover", "TheRover\TheRover.csproj", "{78755A6F-3AB6-4A24-BA83-CB068AB5144A}"
EndProject
Project("{9A19103F-16F7-4668-BE54-9A1E7A4F7556}") = "TheRover.Tests", "TheRover.Tests\TheRover.Tests.csproj", "{E0CE3347-5B98-4438-AF18-C14D4D18DCE1}"
EndProject
Global
	GlobalSection(SolutionConfigurationPlatforms) = preSolution
		Debug|Any CPU = Debug|Any CPU
		Release|Any CPU = Release|Any CPU
	EndGlobalSection
	GlobalSection(ProjectConfigurationPlatforms) = postSolution
		{78755A6F-3AB6-4A24-BA83-CB068AB5144A}.Debug|Any CPU.ActiveCfg = Debug|Any CPU
		{78755A6F-3AB6-4A24-BA83-CB068AB5144A}.Debug|Any CPU.Build.0 = Debug|Any CPU
		{78755A6F-3AB6-4A24-BA83-CB068AB5144A}.Release|Any CPU.ActiveCfg = Release|Any CPU
		{78755A6F-3AB6-4A24-BA83-CB068AB5144A}.Release|Any CPU.Build.0 = Release|Any CPU
		{E0CE3347-5B98-4438-AF18-C14D4D18DCE1}.Debug|Any CPU.ActiveCfg = Debug|Any CPU
		{E0CE3347-5B98-4438-AF18-C14D4D18DCE1}.Debug|Any CPU.Build.0 = Debug|Any CPU
		{E0CE3347-5B98-4438-AF18-C14D4D18DCE1}.Release|Any CPU.ActiveCfg = Release|Any CPU
		{E0CE3347-5B98-4438-AF18-C14D4D18DCE1}.Release|Any CPU.Build.0 = Release|Any CPU
	EndGlobalSection
	GlobalSection(SolutionProperties) = preSolution
		HideSolutionNode = FALSE
	EndGlobalSection
	GlobalSection(ExtensibilityGlobals) = postSolution
		SolutionGuid = {BF0D4D66-D9FB-40B8-B152-E691FBC08757}
	EndGlobalSection
EndGlobal
